<?xml version="1.0" encoding="utf-8"?>
<Project ToolsVersion="4.0" xmlns="http://schemas.microsoft.com/developer/msbuild/2003">
  <ItemGroup>
    <Filter Include="Source Files">
      <UniqueIdentifier>{4FC737F1-C7A5-4376-A066-2A32D752A2FF}</UniqueIdentifier>
      <Extensions>cpp;c;cc;cxx;def;odl;idl;hpj;bat;asm;asmx</Extensions>
    </Filter>
    <Filter Include="Header Files">
      <UniqueIdentifier>{93995380-89BD-4b04-88EB-625FBE52EBFB}</UniqueIdentifier>
      <Extensions>h;hh;hpp;hxx;hm;inl;inc;xsd</Extensions>
    </Filter>
    <Filter Include="Resource Files">
      <UniqueIdentifier>{b9c7945e-1668-40ad-81e9-09fc6e4999e1}</UniqueIdentifier>
    </Filter>
  </ItemGroup>
  <ItemGroup>
    <ClInclude Include="CollisionCalculator.h">
      <Filter>Header Files</Filter>
    </ClInclude>
    <ClInclude Include="Comet.h">
      <Filter>Header Files</Filter>
    </ClInclude>
    <ClInclude Include="Constants.h">
      <Filter>Header Files</Filter>
    </ClInclude>
    <ClInclude Include="Errors.h">
      <Filter>Header Files</Filter>
    </ClInclude>
    <ClInclude Include="GameState.h">
      <Filter>Header Files</Filter>
    </ClInclude>
    <ClInclude Include="MainGame.h">
      <Filter>Header Files</Filter>
    </ClInclude>
    <ClInclude Include="Player.h">
      <Filter>Header Files</Filter>
    </ClInclude>
    <ClInclude Include="Side.h">
      <Filter>Header Files</Filter>
    </ClInclude>
    <ClInclude Include="Sprite.h">
      <Filter>Header Files</Filter>
    </ClInclude>
    <ClInclude Include="Star.h">
      <Filter>Header Files</Filter>
    </ClInclude>
    <ClInclude Include="stdafx.h">
      <Filter>Header Files</Filter>
    </ClInclude>
    <ClInclude Include="RNGCalculator.h">
      <Filter>Header Files</Filter>
    </ClInclude>
    <ClInclude Include="MenuItem.h">
      <Filter>Header Files</Filter>
    </ClInclude>
    <ClInclude Include="MenuGroup.h">
      <Filter>Header Files</Filter>
    </ClInclude>
    <ClInclude Include="MenuManager.h">
      <Filter>Header Files</Filter>
    </ClInclude>
    <ClInclude Include="MusicManager.h">
      <Filter>Header Files</Filter>
    </ClInclude>
    <ClInclude Include="InputManager.h">
      <Filter>Header Files</Filter>
    </ClInclude>
    <ClInclude Include="ResourceManager.h">
      <Filter>Header Files</Filter>
    </ClInclude>
    <ClInclude Include="SDLManager.h">
      <Filter>Header Files</Filter>
    </ClInclude>
    <ClInclude Include="FontManager.h">
      <Filter>Header Files</Filter>
    </ClInclude>
    <ClInclude Include="EntityManager.h">
      <Filter>Header Files</Filter>
    </ClInclude>
  </ItemGroup>
  <ItemGroup>
    <ClCompile Include="CollisionCalculator.cpp">
      <Filter>Source Files</Filter>
    </ClCompile>
    <ClCompile Include="Comet.cpp">
      <Filter>Source Files</Filter>
    </ClCompile>
    <ClCompile Include="Constants.cpp">
      <Filter>Source Files</Filter>
    </ClCompile>
    <ClCompile Include="Errors.cpp">
      <Filter>Source Files</Filter>
    </ClCompile>
    <ClCompile Include="MainGame.cpp">
      <Filter>Source Files</Filter>
    </ClCompile>
    <ClCompile Include="Player.cpp">
      <Filter>Source Files</Filter>
    </ClCompile>
    <ClCompile Include="Sprite.cpp">
      <Filter>Source Files</Filter>
    </ClCompile>
    <ClCompile Include="Star.cpp">
      <Filter>Source Files</Filter>
    </ClCompile>
    <ClCompile Include="stdafx.cpp">
      <Filter>Source Files</Filter>
    </ClCompile>
    <ClCompile Include="Comets.cpp">
      <Filter>Source Files</Filter>
    </ClCompile>
    <ClCompile Include="RNGCalculator.cpp">
      <Filter>Source Files</Filter>
    </ClCompile>
    <ClCompile Include="MenuItem.cpp">
      <Filter>Source Files</Filter>
    </ClCompile>
    <ClCompile Include="MenuGroup.cpp">
      <Filter>Source Files</Filter>
    </ClCompile>
    <ClCompile Include="MenuManager.cpp">
      <Filter>Source Files</Filter>
    </ClCompile>
    <ClCompile Include="MusicManager.cpp">
      <Filter>Source Files</Filter>
    </ClCompile>
    <ClCompile Include="InputManager.cpp">
      <Filter>Source Files</Filter>
    </ClCompile>
    <ClCompile Include="ResourceManager.cpp">
      <Filter>Source Files</Filter>
    </ClCompile>
    <ClCompile Include="SDLManager.cpp">
      <Filter>Source Files</Filter>
    </ClCompile>
    <ClCompile Include="FontManager.cpp">
      <Filter>Source Files</Filter>
    </ClCompile>
    <ClCompile Include="EntityManager.cpp">
      <Filter>Source Files</Filter>
    </ClCompile>
  </ItemGroup>
  <ItemGroup>
    <Image Include="resources\comet.bmp">
      <Filter>Resource Files</Filter>
    </Image>
    <Image Include="resources\ship.bmp">
      <Filter>Resource Files</Filter>
    </Image>
    <Image Include="resources\star.bmp">
      <Filter>Resource Files</Filter>
    </Image>
    <Image Include="resources\bettership.bmp">
      <Filter>Resource Files</Filter>
    </Image>
    <Image Include="resources\bettership2.bmp">
      <Filter>Resource Files</Filter>
    </Image>
    <Image Include="resources\bettership3.bmp">
      <Filter>Resource Files</Filter>
    </Image>
    <Image Include="resources\bettership4.bmp">
      <Filter>Resource Files</Filter>
    </Image>
  </ItemGroup>
  <ItemGroup>
    <Font Include="resources\open-sans\OpenSans-Bold.ttf">
      <Filter>Resource Files</Filter>
    </Font>
    <Font Include="resources\open-sans\OpenSans-BoldItalic.ttf">
      <Filter>Resource Files</Filter>
    </Font>
    <Font Include="resources\open-sans\OpenSans-ExtraBold.ttf">
      <Filter>Resource Files</Filter>
    </Font>
    <Font Include="resources\open-sans\OpenSans-ExtraBoldItalic.ttf">
      <Filter>Resource Files</Filter>
    </Font>
    <Font Include="resources\open-sans\OpenSans-Italic.ttf">
      <Filter>Resource Files</Filter>
    </Font>
    <Font Include="resources\open-sans\OpenSans-Light.ttf">
      <Filter>Resource Files</Filter>
    </Font>
    <Font Include="resources\open-sans\OpenSans-LightItalic.ttf">
      <Filter>Resource Files</Filter>
    </Font>
    <Font Include="resources\open-sans\OpenSans-Regular.ttf">
      <Filter>Resource Files</Filter>
    </Font>
    <Font Include="resources\open-sans\OpenSans-Semibold.ttf">
      <Filter>Resource Files</Filter>
    </Font>
    <Font Include="resources\open-sans\OpenSans-SemiboldItalic.ttf">
      <Filter>Resource Files</Filter>
    </Font>
  </ItemGroup>
  <ItemGroup>
    <Media Include="resources\music\easy.wav">
      <Filter>Resource Files</Filter>
    </Media>
  </ItemGroup>
</Project>